
Microsoft Visual Studio Solution File, Format Version 12.00
Project("{2150E333-8FDC-42A3-9474-1A3956D46DE8}") = "src", "src", "{644CB20E-AEC4-404E-97A4-F5D9AD749180}"
EndProject
Project("{2150E333-8FDC-42A3-9474-1A3956D46DE8}") = "test", "test", "{E06FD47B-2B30-47A5-A279-12CF6284B452}"
EndProject
Project("{FAE04EC0-301F-11D3-BF4B-00C04F79EFBC}") = "NoobAtGraphs.Core", "src\NoobAtGraphs.Core\NoobAtGraphs.Core.csproj", "{9744C20E-4C5C-4A53-847E-79281D968FE2}"
EndProject
Project("{FAE04EC0-301F-11D3-BF4B-00C04F79EFBC}") = "NoobAtGraphs.Core.Tests.Unit", "test\NoobAtGraphs.Core.Tests.Unit\NoobAtGraphs.Core.Tests.Unit.csproj", "{86303281-B81B-45D0-8DD4-676F011823C8}"
EndProject
Global
	GlobalSection(SolutionConfigurationPlatforms) = preSolution
		Debug|Any CPU = Debug|Any CPU
		Release|Any CPU = Release|Any CPU
	EndGlobalSection
	GlobalSection(ProjectConfigurationPlatforms) = postSolution
		{9744C20E-4C5C-4A53-847E-79281D968FE2}.Debug|Any CPU.ActiveCfg = Debug|Any CPU
		{9744C20E-4C5C-4A53-847E-79281D968FE2}.Debug|Any CPU.Build.0 = Debug|Any CPU
		{9744C20E-4C5C-4A53-847E-79281D968FE2}.Release|Any CPU.ActiveCfg = Release|Any CPU
		{9744C20E-4C5C-4A53-847E-79281D968FE2}.Release|Any CPU.Build.0 = Release|Any CPU
		{86303281-B81B-45D0-8DD4-676F011823C8}.Debug|Any CPU.ActiveCfg = Debug|Any CPU
		{86303281-B81B-45D0-8DD4-676F011823C8}.Debug|Any CPU.Build.0 = Debug|Any CPU
		{86303281-B81B-45D0-8DD4-676F011823C8}.Release|Any CPU.ActiveCfg = Release|Any CPU
		{86303281-B81B-45D0-8DD4-676F011823C8}.Release|Any CPU.Build.0 = Release|Any CPU
	EndGlobalSection
	GlobalSection(NestedProjects) = preSolution
		{9744C20E-4C5C-4A53-847E-79281D968FE2} = {644CB20E-AEC4-404E-97A4-F5D9AD749180}
		{86303281-B81B-45D0-8DD4-676F011823C8} = {E06FD47B-2B30-47A5-A279-12CF6284B452}
	EndGlobalSection
EndGlobal
